{
  "requires": true,
  "lockfileVersion": 1,
  "dependencies": {
    "cocoen": {
      "version": "3.1.1",
      "resolved": "https://registry.npmjs.org/cocoen/-/cocoen-3.1.1.tgz",
      "integrity": "sha512-ayKBzOwbFaLLd5uHNuW1sKR+JG4HB4WMRU6Y7q6y6dkxAY2+eRwUzij4mSHXrcXcLjHvnIOe6smNQVCZyDjNZA=="
    }
  }
}
