{
  "requires": true,
  "lockfileVersion": 1,
  "dependencies": {
    "animate.css": {
      "version": "4.1.1",
      "resolved": "https://registry.npmjs.org/animate.css/-/animate.css-4.1.1.tgz",
      "integrity": "sha512-+mRmCTv6SbCmtYJCN4faJMNFVNN5EuCTTprDTAo7YzIGji2KADmakjVA3+8mVDkZ2Bf09vayB35lSQIex2+QaQ=="
    },
    "cocoen": {
      "version": "3.1.1",
      "resolved": "https://registry.npmjs.org/cocoen/-/cocoen-3.1.1.tgz",
      "integrity": "sha512-ayKBzOwbFaLLd5uHNuW1sKR+JG4HB4WMRU6Y7q6y6dkxAY2+eRwUzij4mSHXrcXcLjHvnIOe6smNQVCZyDjNZA=="
    }
  }
}
